// !$*UTF8*$!
{
	archiveVersion = 1;
	classes = {
	};
	objectVersion = 60;
	objects = {

/* Begin PBXBuildFile section */
		34BBB8F0F5B44F37A5878F68 /* CollectionsView.swift in Sources */ = {isa = PBXBuildFile; fileRef = 11746FB4B41945D7BF85F583 /* CollectionsView.swift */; };
		4CBE2AFC78294DC493AD2F4D /* ShortcutImporterTests.swift in Sources */ = {isa = PBXBuildFile; fileRef = 5F8790EBFC934F169DB9056C /* ShortcutImporterTests.swift */; };
		4F9CA09BDDF9CB5C35561AEF /* SchemaMigrationTests.swift in Sources */ = {isa = PBXBuildFile; fileRef = 9361D0EBECCF348D4954A806 /* SchemaMigrationTests.swift */; };
		648C67B1365C96745734753D /* MyXcodeShortcutsMacApp.swift in Sources */ = {isa = PBXBuildFile; fileRef = BA3E746751FAE05ED0B1ECA5 /* MyXcodeShortcutsMacApp.swift */; };
		76039182AD1AF02D575031DF /* ShortcutApp.swift in Sources */ = {isa = PBXBuildFile; fileRef = 7C6C5CF7EFBA36EC86334E72 /* ShortcutApp.swift */; };
		840103EC2BD1E7C500B467D1 /* CategoryRow.swift in Sources */ = {isa = PBXBuildFile; fileRef = 840103EB2BD1E7C500B467D1 /* CategoryRow.swift */; };
		840103EE2BD2B15000B467D1 /* ShortcutFilterTests.swift in Sources */ = {isa = PBXBuildFile; fileRef = 840103ED2BD2B15000B467D1 /* ShortcutFilterTests.swift */; };
		840103F02BD2BB0200B467D1 /* SeedData_UnitTests.json in Resources */ = {isa = PBXBuildFile; fileRef = 840103EF2BD2BB0100B467D1 /* SeedData_UnitTests.json */; };
		840526CC2BE44C970047222A /* ThemeManager.swift in Sources */ = {isa = PBXBuildFile; fileRef = 840526CB2BE44C970047222A /* ThemeManager.swift */; };
		840AF0602BC5D937006F5366 /* PDFGenerator.swift in Sources */ = {isa = PBXBuildFile; fileRef = 840AF05F2BC5D936006F5366 /* PDFGenerator.swift */; };
		840AF0622BC704F2006F5366 /* PDFPreviewView.swift in Sources */ = {isa = PBXBuildFile; fileRef = 840AF0612BC704F2006F5366 /* PDFPreviewView.swift */; };
		8416C88B2BE59CCE009F315A /* PrivacyInfo.xcprivacy in Resources */ = {isa = PBXBuildFile; fileRef = 8416C88A2BE59CCE009F315A /* PrivacyInfo.xcprivacy */; };
		844753242BD5C5A60073D85A /* PDFViewModel.swift in Sources */ = {isa = PBXBuildFile; fileRef = 844753232BD5C5A60073D85A /* PDFViewModel.swift */; };
		8447532F2BD5DDA30073D85A /* HelpView.swift in Sources */ = {isa = PBXBuildFile; fileRef = 8447532E2BD5DDA30073D85A /* HelpView.swift */; };
		846030BC2BD871D300B5BC3D /* SplashScreen.swift in Sources */ = {isa = PBXBuildFile; fileRef = 846030BB2BD871D300B5BC3D /* SplashScreen.swift */; };
		846370F32BBAF8C0001ED9C3 /* MyXcodeShortcutsApp.swift in Sources */ = {isa = PBXBuildFile; fileRef = 846370F22BBAF8C0001ED9C3 /* MyXcodeShortcutsApp.swift */; };
		846370F52BBAF8C0001ED9C3 /* ContentView.swift in Sources */ = {isa = PBXBuildFile; fileRef = 846370F42BBAF8C0001ED9C3 /* ContentView.swift */; };
		846370F92BBAF8C2001ED9C3 /* Assets.xcassets in Resources */ = {isa = PBXBuildFile; fileRef = 846370F82BBAF8C2001ED9C3 /* Assets.xcassets */; };
		846370FC2BBAF8C2001ED9C3 /* Preview Assets.xcassets in Resources */ = {isa = PBXBuildFile; fileRef = 846370FB2BBAF8C2001ED9C3 /* Preview Assets.xcassets */; };
		846371102BBAF8C3001ED9C3 /* MyXcodeShortcutsUITests.swift in Sources */ = {isa = PBXBuildFile; fileRef = 8463710F2BBAF8C3001ED9C3 /* MyXcodeShortcutsUITests.swift */; };
		846371122BBAF8C3001ED9C3 /* MyXcodeShortcutsUITestsLaunchTests.swift in Sources */ = {isa = PBXBuildFile; fileRef = 846371112BBAF8C3001ED9C3 /* MyXcodeShortcutsUITestsLaunchTests.swift */; };
		846371222BBB02FA001ED9C3 /* Category.swift in Sources */ = {isa = PBXBuildFile; fileRef = 846371212BBB02FA001ED9C3 /* Category.swift */; };
		846371242BBB0315001ED9C3 /* Shortcut.swift in Sources */ = {isa = PBXBuildFile; fileRef = 846371232BBB0315001ED9C3 /* Shortcut.swift */; };
		846371262BBB0355001ED9C3 /* Status.swift in Sources */ = {isa = PBXBuildFile; fileRef = 846371252BBB0355001ED9C3 /* Status.swift */; };
		846371282BBB04C7001ED9C3 /* RoundedRectButtonStyle.swift in Sources */ = {isa = PBXBuildFile; fileRef = 846371272BBB04C6001ED9C3 /* RoundedRectButtonStyle.swift */; };
		8463712B2BBB064E001ED9C3 /* PreviewHelper.swift in Sources */ = {isa = PBXBuildFile; fileRef = 8463712A2BBB064E001ED9C3 /* PreviewHelper.swift */; };
		8463712D2BBB1AD3001ED9C3 /* CategoryView.swift in Sources */ = {isa = PBXBuildFile; fileRef = 8463712C2BBB1AD3001ED9C3 /* CategoryView.swift */; };
		8463712F2BBB1B63001ED9C3 /* Extensions.swift in Sources */ = {isa = PBXBuildFile; fileRef = 8463712E2BBB1B63001ED9C3 /* Extensions.swift */; };
		846371312BBB1B7D001ED9C3 /* Constants.swift in Sources */ = {isa = PBXBuildFile; fileRef = 846371302BBB1B7D001ED9C3 /* Constants.swift */; };
		846371332BBB1BB1001ED9C3 /* ShortcutView.swift in Sources */ = {isa = PBXBuildFile; fileRef = 846371322BBB1BB1001ED9C3 /* ShortcutView.swift */; };
		846371352BBB1BE7001ED9C3 /* Checkbox.swift in Sources */ = {isa = PBXBuildFile; fileRef = 846371342BBB1BE7001ED9C3 /* Checkbox.swift */; };
		846371392BBB3246001ED9C3 /* SettingsView.swift in Sources */ = {isa = PBXBuildFile; fileRef = 846371382BBB3245001ED9C3 /* SettingsView.swift */; };
		8463713E2BBB4AD9001ED9C3 /* CategoryListView.swift in Sources */ = {isa = PBXBuildFile; fileRef = 8463713D2BBB4AD9001ED9C3 /* CategoryListView.swift */; };
		846371402BBB56FD001ED9C3 /* EditShortcutView.swift in Sources */ = {isa = PBXBuildFile; fileRef = 8463713F2BBB56FD001ED9C3 /* EditShortcutView.swift */; };
		846DB1712BE18F1700229587 /* TDDShortcutSymbolConversionTests.swift in Sources */ = {isa = PBXBuildFile; fileRef = 846DB1702BE18F1700229587 /* TDDShortcutSymbolConversionTests.swift */; };
		84765B112BC33DBD001C87E0 /* PDFGeneratorTests.swift in Sources */ = {isa = PBXBuildFile; fileRef = 84765B102BC33DBD001C87E0 /* PDFGeneratorTests.swift */; };
		847E30F82BC0419200762FDF /* EditCategoryView.swift in Sources */ = {isa = PBXBuildFile; fileRef = 847E30F72BC0419200762FDF /* EditCategoryView.swift */; };
		84814EB12BE95506001AD95C /* BackgroundBlob.swift in Sources */ = {isa = PBXBuildFile; fileRef = 84814EB02BE95506001AD95C /* BackgroundBlob.swift */; };
		84A3D1E22BD344ED00FF60BF /* StatusManager.swift in Sources */ = {isa = PBXBuildFile; fileRef = 84A3D1E12BD344ED00FF60BF /* StatusManager.swift */; };
		84AA00012C0000010055AA01 /* StatusManagerTests.swift in Sources */ = {isa = PBXBuildFile; fileRef = 84AA00012C0000010055AA02 /* StatusManagerTests.swift */; };
		84B30A272BD01F3A0047AB24 /* KeyData.swift in Sources */ = {isa = PBXBuildFile; fileRef = 84B30A262BD01F3A0047AB24 /* KeyData.swift */; };
		84CA9AE42BCDBE010027A1FA /* CategorySelectionView.swift in Sources */ = {isa = PBXBuildFile; fileRef = 84CA9AE32BCDBE010027A1FA /* CategorySelectionView.swift */; };
		84D51D382BBDCDB500E6169B /* SeedData.json in Resources */ = {isa = PBXBuildFile; fileRef = 84D51D372BBDCDB500E6169B /* SeedData.json */; };
		84D51D3C2BBDF0DB00E6169B /* SeedData.swift in Sources */ = {isa = PBXBuildFile; fileRef = 84D51D3B2BBDF0DB00E6169B /* SeedData.swift */; };
		84ED14E82BC9E7DA00375EED /* SeedData_Release_1.json in Resources */ = {isa = PBXBuildFile; fileRef = 84ED14E72BC9E7D900375EED /* SeedData_Release_1.json */; };
		84FF7C652BE9800500213E9B /* MotionAnimationModifier.swift in Sources */ = {isa = PBXBuildFile; fileRef = 84FF7C642BE9800500213E9B /* MotionAnimationModifier.swift */; };
		84FF7C672BE9844F00213E9B /* RootView.swift in Sources */ = {isa = PBXBuildFile; fileRef = 84FF7C662BE9844F00213E9B /* RootView.swift */; };
		8CB36FF80FC74C9C9BA568EB /* ImportCollectionView.swift in Sources */ = {isa = PBXBuildFile; fileRef = 171974EB65394A5C877A90F8 /* ImportCollectionView.swift */; };
		96455AD827C371789CB96E5C /* ShortcutScraping in Frameworks */ = {isa = PBXBuildFile; productRef = 0E48AC144F51588DAB628903 /* ShortcutScraping */; };
		9C05DCC6A16543A684BC185E /* ShortcutImporter.swift in Sources */ = {isa = PBXBuildFile; fileRef = B5705819D73D47FC8E09536E /* ShortcutImporter.swift */; };
		A5239E77AC20CAFAD139C715 /* Route.swift in Sources */ = {isa = PBXBuildFile; fileRef = 446A9B82AA999074B573046A /* Route.swift */; };
		DD482650BC6776BFFF3D34AE /* ContentView.swift in Sources */ = {isa = PBXBuildFile; fileRef = 8B2B7FEEAC370C3C1241DB1E /* ContentView.swift */; };
		F6E6172966940E79F82A5E20 /* SchemaMigrations.swift in Sources */ = {isa = PBXBuildFile; fileRef = EB4CE1C4EB1E9A0CFAE2CE89 /* SchemaMigrations.swift */; };
		FA651117780988AEF87FC0AC /* Cocoa.framework in Frameworks */ = {isa = PBXBuildFile; fileRef = 312A0839A992157A3F366E74 /* Cocoa.framework */; };
/* End PBXBuildFile section */

/* Begin PBXContainerItemProxy section */
		846371022BBAF8C3001ED9C3 /* PBXContainerItemProxy */ = {
			isa = PBXContainerItemProxy;
			containerPortal = 846370E72BBAF8C0001ED9C3 /* Project object */;
			proxyType = 1;
			remoteGlobalIDString = 846370EE2BBAF8C0001ED9C3;
			remoteInfo = MyXcodeShortcuts;
		};
		8463710C2BBAF8C3001ED9C3 /* PBXContainerItemProxy */ = {
			isa = PBXContainerItemProxy;
			containerPortal = 846370E72BBAF8C0001ED9C3 /* Project object */;
			proxyType = 1;
			remoteGlobalIDString = 846370EE2BBAF8C0001ED9C3;
			remoteInfo = MyXcodeShortcuts;
		};
/* End PBXContainerItemProxy section */

/* Begin PBXFileReference section */
		11746FB4B41945D7BF85F583 /* CollectionsView.swift */ = {isa = PBXFileReference; lastKnownFileType = sourcecode.swift; path = CollectionsView.swift; sourceTree = "<group>"; };
		171974EB65394A5C877A90F8 /* ImportCollectionView.swift */ = {isa = PBXFileReference; lastKnownFileType = sourcecode.swift; path = ImportCollectionView.swift; sourceTree = "<group>"; };
		312A0839A992157A3F366E74 /* Cocoa.framework */ = {isa = PBXFileReference; lastKnownFileType = wrapper.framework; name = Cocoa.framework; path = Platforms/MacOSX.platform/Developer/SDKs/MacOSX26.0.sdk/System/Library/Frameworks/Cocoa.framework; sourceTree = DEVELOPER_DIR; };
		446A9B82AA999074B573046A /* Route.swift */ = {isa = PBXFileReference; includeInIndex = 1; lastKnownFileType = sourcecode.swift; path = Route.swift; sourceTree = "<group>"; };
		5F8790EBFC934F169DB9056C /* ShortcutImporterTests.swift */ = {isa = PBXFileReference; lastKnownFileType = sourcecode.swift; path = ShortcutImporterTests.swift; sourceTree = "<group>"; };
		7C6C5CF7EFBA36EC86334E72 /* ShortcutApp.swift */ = {isa = PBXFileReference; lastKnownFileType = sourcecode.swift; path = ShortcutApp.swift; sourceTree = "<group>"; };
		840103EB2BD1E7C500B467D1 /* CategoryRow.swift */ = {isa = PBXFileReference; lastKnownFileType = sourcecode.swift; path = CategoryRow.swift; sourceTree = "<group>"; };
		840103ED2BD2B15000B467D1 /* ShortcutFilterTests.swift */ = {isa = PBXFileReference; lastKnownFileType = sourcecode.swift; path = ShortcutFilterTests.swift; sourceTree = "<group>"; };
		840103EF2BD2BB0100B467D1 /* SeedData_UnitTests.json */ = {isa = PBXFileReference; fileEncoding = 4; lastKnownFileType = text.json; path = SeedData_UnitTests.json; sourceTree = "<group>"; };
		840526CB2BE44C970047222A /* ThemeManager.swift */ = {isa = PBXFileReference; lastKnownFileType = sourcecode.swift; path = ThemeManager.swift; sourceTree = "<group>"; };
		840AF05F2BC5D936006F5366 /* PDFGenerator.swift */ = {isa = PBXFileReference; fileEncoding = 4; lastKnownFileType = sourcecode.swift; path = PDFGenerator.swift; sourceTree = "<group>"; };
		840AF0612BC704F2006F5366 /* PDFPreviewView.swift */ = {isa = PBXFileReference; lastKnownFileType = sourcecode.swift; path = PDFPreviewView.swift; sourceTree = "<group>"; };
		8416C88A2BE59CCE009F315A /* PrivacyInfo.xcprivacy */ = {isa = PBXFileReference; lastKnownFileType = text.xml; path = PrivacyInfo.xcprivacy; sourceTree = "<group>"; };
		844753232BD5C5A60073D85A /* PDFViewModel.swift */ = {isa = PBXFileReference; lastKnownFileType = sourcecode.swift; path = PDFViewModel.swift; sourceTree = "<group>"; };
		8447532E2BD5DDA30073D85A /* HelpView.swift */ = {isa = PBXFileReference; lastKnownFileType = sourcecode.swift; path = HelpView.swift; sourceTree = "<group>"; };
		846030BB2BD871D300B5BC3D /* SplashScreen.swift */ = {isa = PBXFileReference; lastKnownFileType = sourcecode.swift; path = SplashScreen.swift; sourceTree = "<group>"; };
		846030BF2BD9389000B5BC3D /* Info.plist */ = {isa = PBXFileReference; lastKnownFileType = text.plist; path = Info.plist; sourceTree = "<group>"; };
		846370EF2BBAF8C0001ED9C3 /* MyXcodeShortcuts.app */ = {isa = PBXFileReference; explicitFileType = wrapper.application; includeInIndex = 0; path = MyXcodeShortcuts.app; sourceTree = BUILT_PRODUCTS_DIR; };
		846370F22BBAF8C0001ED9C3 /* MyXcodeShortcutsApp.swift */ = {isa = PBXFileReference; lastKnownFileType = sourcecode.swift; path = MyXcodeShortcutsApp.swift; sourceTree = "<group>"; };
		846370F42BBAF8C0001ED9C3 /* ContentView.swift */ = {isa = PBXFileReference; lastKnownFileType = sourcecode.swift; path = ContentView.swift; sourceTree = "<group>"; };
		846370F82BBAF8C2001ED9C3 /* Assets.xcassets */ = {isa = PBXFileReference; lastKnownFileType = folder.assetcatalog; path = Assets.xcassets; sourceTree = "<group>"; };
		846370FB2BBAF8C2001ED9C3 /* Preview Assets.xcassets */ = {isa = PBXFileReference; lastKnownFileType = folder.assetcatalog; path = "Preview Assets.xcassets"; sourceTree = "<group>"; };
		846371012BBAF8C3001ED9C3 /* MyXcodeShortcutsTests.xctest */ = {isa = PBXFileReference; explicitFileType = wrapper.cfbundle; includeInIndex = 0; path = MyXcodeShortcutsTests.xctest; sourceTree = BUILT_PRODUCTS_DIR; };
		8463710B2BBAF8C3001ED9C3 /* MyXcodeShortcutsUITests.xctest */ = {isa = PBXFileReference; explicitFileType = wrapper.cfbundle; includeInIndex = 0; path = MyXcodeShortcutsUITests.xctest; sourceTree = BUILT_PRODUCTS_DIR; };
		8463710F2BBAF8C3001ED9C3 /* MyXcodeShortcutsUITests.swift */ = {isa = PBXFileReference; lastKnownFileType = sourcecode.swift; path = MyXcodeShortcutsUITests.swift; sourceTree = "<group>"; };
		846371112BBAF8C3001ED9C3 /* MyXcodeShortcutsUITestsLaunchTests.swift */ = {isa = PBXFileReference; lastKnownFileType = sourcecode.swift; path = MyXcodeShortcutsUITestsLaunchTests.swift; sourceTree = "<group>"; };
		846371212BBB02FA001ED9C3 /* Category.swift */ = {isa = PBXFileReference; lastKnownFileType = sourcecode.swift; path = Category.swift; sourceTree = "<group>"; };
		846371232BBB0315001ED9C3 /* Shortcut.swift */ = {isa = PBXFileReference; lastKnownFileType = sourcecode.swift; path = Shortcut.swift; sourceTree = "<group>"; };
		846371252BBB0355001ED9C3 /* Status.swift */ = {isa = PBXFileReference; lastKnownFileType = sourcecode.swift; path = Status.swift; sourceTree = "<group>"; };
		846371272BBB04C6001ED9C3 /* RoundedRectButtonStyle.swift */ = {isa = PBXFileReference; fileEncoding = 4; lastKnownFileType = sourcecode.swift; path = RoundedRectButtonStyle.swift; sourceTree = "<group>"; };
		8463712A2BBB064E001ED9C3 /* PreviewHelper.swift */ = {isa = PBXFileReference; lastKnownFileType = sourcecode.swift; path = PreviewHelper.swift; sourceTree = "<group>"; };
		8463712C2BBB1AD3001ED9C3 /* CategoryView.swift */ = {isa = PBXFileReference; lastKnownFileType = sourcecode.swift; path = CategoryView.swift; sourceTree = "<group>"; };
		8463712E2BBB1B63001ED9C3 /* Extensions.swift */ = {isa = PBXFileReference; lastKnownFileType = sourcecode.swift; path = Extensions.swift; sourceTree = "<group>"; };
		846371302BBB1B7D001ED9C3 /* Constants.swift */ = {isa = PBXFileReference; lastKnownFileType = sourcecode.swift; path = Constants.swift; sourceTree = "<group>"; };
		846371322BBB1BB1001ED9C3 /* ShortcutView.swift */ = {isa = PBXFileReference; lastKnownFileType = sourcecode.swift; path = ShortcutView.swift; sourceTree = "<group>"; };
		846371342BBB1BE7001ED9C3 /* Checkbox.swift */ = {isa = PBXFileReference; lastKnownFileType = sourcecode.swift; path = Checkbox.swift; sourceTree = "<group>"; };
		846371382BBB3245001ED9C3 /* SettingsView.swift */ = {isa = PBXFileReference; lastKnownFileType = sourcecode.swift; path = SettingsView.swift; sourceTree = "<group>"; };
		8463713D2BBB4AD9001ED9C3 /* CategoryListView.swift */ = {isa = PBXFileReference; lastKnownFileType = sourcecode.swift; path = CategoryListView.swift; sourceTree = "<group>"; };
		8463713F2BBB56FD001ED9C3 /* EditShortcutView.swift */ = {isa = PBXFileReference; lastKnownFileType = sourcecode.swift; path = EditShortcutView.swift; sourceTree = "<group>"; };
		846DB1702BE18F1700229587 /* TDDShortcutSymbolConversionTests.swift */ = {isa = PBXFileReference; lastKnownFileType = sourcecode.swift; path = TDDShortcutSymbolConversionTests.swift; sourceTree = "<group>"; };
		84765B102BC33DBD001C87E0 /* PDFGeneratorTests.swift */ = {isa = PBXFileReference; lastKnownFileType = sourcecode.swift; path = PDFGeneratorTests.swift; sourceTree = "<group>"; };
		847E30F72BC0419200762FDF /* EditCategoryView.swift */ = {isa = PBXFileReference; lastKnownFileType = sourcecode.swift; path = EditCategoryView.swift; sourceTree = "<group>"; };
		84814EB02BE95506001AD95C /* BackgroundBlob.swift */ = {isa = PBXFileReference; lastKnownFileType = sourcecode.swift; path = BackgroundBlob.swift; sourceTree = "<group>"; };
		84A3D1E12BD344ED00FF60BF /* StatusManager.swift */ = {isa = PBXFileReference; lastKnownFileType = sourcecode.swift; path = StatusManager.swift; sourceTree = "<group>"; };
		84AA00012C0000010055AA02 /* StatusManagerTests.swift */ = {isa = PBXFileReference; lastKnownFileType = sourcecode.swift; path = StatusManagerTests.swift; sourceTree = "<group>"; };
		84B30A262BD01F3A0047AB24 /* KeyData.swift */ = {isa = PBXFileReference; lastKnownFileType = sourcecode.swift; path = KeyData.swift; sourceTree = "<group>"; };
		84CA9AE32BCDBE010027A1FA /* CategorySelectionView.swift */ = {isa = PBXFileReference; lastKnownFileType = sourcecode.swift; path = CategorySelectionView.swift; sourceTree = "<group>"; };
		84D51D372BBDCDB500E6169B /* SeedData.json */ = {isa = PBXFileReference; lastKnownFileType = text.json; path = SeedData.json; sourceTree = "<group>"; };
		84D51D3B2BBDF0DB00E6169B /* SeedData.swift */ = {isa = PBXFileReference; lastKnownFileType = sourcecode.swift; path = SeedData.swift; sourceTree = "<group>"; };
		84E55E772BD704AF00B6EDCD /* Config.xcconfig */ = {isa = PBXFileReference; lastKnownFileType = text.xcconfig; name = Config.xcconfig; path = MyXcodeShortcuts/Config.xcconfig; sourceTree = "<group>"; };
		84ED14E72BC9E7D900375EED /* SeedData_Release_1.json */ = {isa = PBXFileReference; fileEncoding = 4; lastKnownFileType = text.json; path = SeedData_Release_1.json; sourceTree = "<group>"; };
		84FF7C642BE9800500213E9B /* MotionAnimationModifier.swift */ = {isa = PBXFileReference; lastKnownFileType = sourcecode.swift; path = MotionAnimationModifier.swift; sourceTree = "<group>"; };
		84FF7C662BE9844F00213E9B /* RootView.swift */ = {isa = PBXFileReference; lastKnownFileType = sourcecode.swift; path = RootView.swift; sourceTree = "<group>"; };
		8B2B7FEEAC370C3C1241DB1E /* ContentView.swift */ = {isa = PBXFileReference; includeInIndex = 1; lastKnownFileType = sourcecode.swift; path = ContentView.swift; sourceTree = "<group>"; };
		9361D0EBECCF348D4954A806 /* SchemaMigrationTests.swift */ = {isa = PBXFileReference; includeInIndex = 1; lastKnownFileType = sourcecode.swift; path = SchemaMigrationTests.swift; sourceTree = "<group>"; };
		B18531A62BA65F64F7B6CE0A /* MyXcodeShortcuts Exporter.app */ = {isa = PBXFileReference; explicitFileType = wrapper.application; includeInIndex = 0; path = "MyXcodeShortcuts Exporter.app"; sourceTree = BUILT_PRODUCTS_DIR; };
		B5705819D73D47FC8E09536E /* ShortcutImporter.swift */ = {isa = PBXFileReference; lastKnownFileType = sourcecode.swift; path = ShortcutImporter.swift; sourceTree = "<group>"; };
		BA3E746751FAE05ED0B1ECA5 /* MyXcodeShortcutsMacApp.swift */ = {isa = PBXFileReference; includeInIndex = 1; lastKnownFileType = sourcecode.swift; path = MyXcodeShortcutsMacApp.swift; sourceTree = "<group>"; };
		EB4CE1C4EB1E9A0CFAE2CE89 /* SchemaMigrations.swift */ = {isa = PBXFileReference; includeInIndex = 1; lastKnownFileType = sourcecode.swift; path = SchemaMigrations.swift; sourceTree = "<group>"; };
/* End PBXFileReference section */

/* Begin PBXFrameworksBuildPhase section */
		846370EC2BBAF8C0001ED9C3 /* Frameworks */ = {
			isa = PBXFrameworksBuildPhase;
			buildActionMask = 2147483647;
			files = (
			);
			runOnlyForDeploymentPostprocessing = 0;
		};
		846370FE2BBAF8C3001ED9C3 /* Frameworks */ = {
			isa = PBXFrameworksBuildPhase;
			buildActionMask = 2147483647;
			files = (
			);
			runOnlyForDeploymentPostprocessing = 0;
		};
		846371082BBAF8C3001ED9C3 /* Frameworks */ = {
			isa = PBXFrameworksBuildPhase;
			buildActionMask = 2147483647;
			files = (
			);
			runOnlyForDeploymentPostprocessing = 0;
		};
		9F121F0092112C76CDA7B6E1 /* Frameworks */ = {
			isa = PBXFrameworksBuildPhase;
			buildActionMask = 2147483647;
			files = (
				FA651117780988AEF87FC0AC /* Cocoa.framework in Frameworks */,
				96455AD827C371789CB96E5C /* ShortcutScraping in Frameworks */,
			);
			runOnlyForDeploymentPostprocessing = 0;
		};
/* End PBXFrameworksBuildPhase section */

/* Begin PBXGroup section */
		2D707BC038F584E01E366EB2 /* MyXcodeShortcutsMac */ = {
			isa = PBXGroup;
			children = (
				BA3E746751FAE05ED0B1ECA5 /* MyXcodeShortcutsMacApp.swift */,
				8B2B7FEEAC370C3C1241DB1E /* ContentView.swift */,
			);
			path = MyXcodeShortcutsMac;
			sourceTree = "<group>";
		};
		5BBEE8D6F6B77A59956FC24D /* OS X */ = {
			isa = PBXGroup;
			children = (
				312A0839A992157A3F366E74 /* Cocoa.framework */,
			);
			name = "OS X";
			sourceTree = "<group>";
		};
		846370E62BBAF8C0001ED9C3 = {
			isa = PBXGroup;
			children = (
				8416C88A2BE59CCE009F315A /* PrivacyInfo.xcprivacy */,
				84E55E772BD704AF00B6EDCD /* Config.xcconfig */,
				846370F12BBAF8C0001ED9C3 /* MyXcodeShortcuts */,
				846371042BBAF8C3001ED9C3 /* MyXcodeShortcutsTests */,
				8463710E2BBAF8C3001ED9C3 /* MyXcodeShortcutsUITests */,
				846370F02BBAF8C0001ED9C3 /* Products */,
				2D707BC038F584E01E366EB2 /* MyXcodeShortcutsMac */,
				B1B96DDCFD395B4CCDA88114 /* Frameworks */,
			);
			sourceTree = "<group>";
		};
		846370F02BBAF8C0001ED9C3 /* Products */ = {
			isa = PBXGroup;
			children = (
				846370EF2BBAF8C0001ED9C3 /* MyXcodeShortcuts.app */,
				846371012BBAF8C3001ED9C3 /* MyXcodeShortcutsTests.xctest */,
				8463710B2BBAF8C3001ED9C3 /* MyXcodeShortcutsUITests.xctest */,
				B18531A62BA65F64F7B6CE0A /* MyXcodeShortcuts Exporter.app */,
			);
			name = Products;
			sourceTree = "<group>";
		};
		846370F12BBAF8C0001ED9C3 /* MyXcodeShortcuts */ = {
			isa = PBXGroup;
			children = (
				846030BF2BD9389000B5BC3D /* Info.plist */,
				846370F22BBAF8C0001ED9C3 /* MyXcodeShortcutsApp.swift */,
				8463711E2BBB0281001ED9C3 /* Views */,
				8463711F2BBB028F001ED9C3 /* Models */,
				846371292BBB04CB001ED9C3 /* Styles */,
				846371202BBB0297001ED9C3 /* Helpers */,
				846370F82BBAF8C2001ED9C3 /* Assets.xcassets */,
				846370FA2BBAF8C2001ED9C3 /* Preview Content */,
			);
			path = MyXcodeShortcuts;
			sourceTree = "<group>";
		};
		846370FA2BBAF8C2001ED9C3 /* Preview Content */ = {
			isa = PBXGroup;
			children = (
				846370FB2BBAF8C2001ED9C3 /* Preview Assets.xcassets */,
			);
			path = "Preview Content";
			sourceTree = "<group>";
		};
		846371042BBAF8C3001ED9C3 /* MyXcodeShortcutsTests */ = {
			isa = PBXGroup;
			children = (
				84765B102BC33DBD001C87E0 /* PDFGeneratorTests.swift */,
				84AA00012C0000010055AA02 /* StatusManagerTests.swift */,
				840103ED2BD2B15000B467D1 /* ShortcutFilterTests.swift */,
				846DB1702BE18F1700229587 /* TDDShortcutSymbolConversionTests.swift */,
				5F8790EBFC934F169DB9056C /* ShortcutImporterTests.swift */,
				9361D0EBECCF348D4954A806 /* SchemaMigrationTests.swift */,
			);
			path = MyXcodeShortcutsTests;
			sourceTree = "<group>";
		};
		8463710E2BBAF8C3001ED9C3 /* MyXcodeShortcutsUITests */ = {
			isa = PBXGroup;
			children = (
				8463710F2BBAF8C3001ED9C3 /* MyXcodeShortcutsUITests.swift */,
				846371112BBAF8C3001ED9C3 /* MyXcodeShortcutsUITestsLaunchTests.swift */,
			);
			path = MyXcodeShortcutsUITests;
			sourceTree = "<group>";
		};
		8463711E2BBB0281001ED9C3 /* Views */ = {
			isa = PBXGroup;
			children = (
				84FF7C662BE9844F00213E9B /* RootView.swift */,
				846370F42BBAF8C0001ED9C3 /* ContentView.swift */,
				8463713D2BBB4AD9001ED9C3 /* CategoryListView.swift */,
				8463712C2BBB1AD3001ED9C3 /* CategoryView.swift */,
				840AF0612BC704F2006F5366 /* PDFPreviewView.swift */,
				8463713F2BBB56FD001ED9C3 /* EditShortcutView.swift */,
				84CA9AE32BCDBE010027A1FA /* CategorySelectionView.swift */,
				840103EB2BD1E7C500B467D1 /* CategoryRow.swift */,
				847E30F72BC0419200762FDF /* EditCategoryView.swift */,
				846371322BBB1BB1001ED9C3 /* ShortcutView.swift */,
				846371342BBB1BE7001ED9C3 /* Checkbox.swift */,
				846371382BBB3245001ED9C3 /* SettingsView.swift */,
				8447532E2BD5DDA30073D85A /* HelpView.swift */,
				846030BB2BD871D300B5BC3D /* SplashScreen.swift */,
				171974EB65394A5C877A90F8 /* ImportCollectionView.swift */,
				11746FB4B41945D7BF85F583 /* CollectionsView.swift */,
			);
			path = Views;
			sourceTree = "<group>";
		};
		8463711F2BBB028F001ED9C3 /* Models */ = {
			isa = PBXGroup;
			children = (
				846371212BBB02FA001ED9C3 /* Category.swift */,
				7C6C5CF7EFBA36EC86334E72 /* ShortcutApp.swift */,
				846371232BBB0315001ED9C3 /* Shortcut.swift */,
				846371252BBB0355001ED9C3 /* Status.swift */,
				84A3D1E12BD344ED00FF60BF /* StatusManager.swift */,
				844753232BD5C5A60073D85A /* PDFViewModel.swift */,
				EB4CE1C4EB1E9A0CFAE2CE89 /* SchemaMigrations.swift */,
				446A9B82AA999074B573046A /* Route.swift */,
			);
			path = Models;
			sourceTree = "<group>";
		};
		846371202BBB0297001ED9C3 /* Helpers */ = {
			isa = PBXGroup;
			children = (
				8463712A2BBB064E001ED9C3 /* PreviewHelper.swift */,
				846371302BBB1B7D001ED9C3 /* Constants.swift */,
				84B30A262BD01F3A0047AB24 /* KeyData.swift */,
				840AF05F2BC5D936006F5366 /* PDFGenerator.swift */,
				8463712E2BBB1B63001ED9C3 /* Extensions.swift */,
				84D51D3B2BBDF0DB00E6169B /* SeedData.swift */,
				84D51D372BBDCDB500E6169B /* SeedData.json */,
				84ED14E72BC9E7D900375EED /* SeedData_Release_1.json */,
				840103EF2BD2BB0100B467D1 /* SeedData_UnitTests.json */,
				840526CB2BE44C970047222A /* ThemeManager.swift */,
				B5705819D73D47FC8E09536E /* ShortcutImporter.swift */,
			);
			path = Helpers;
			sourceTree = "<group>";
		};
		846371292BBB04CB001ED9C3 /* Styles */ = {
			isa = PBXGroup;
			children = (
				846371272BBB04C6001ED9C3 /* RoundedRectButtonStyle.swift */,
				84814EB02BE95506001AD95C /* BackgroundBlob.swift */,
				84FF7C642BE9800500213E9B /* MotionAnimationModifier.swift */,
			);
			path = Styles;
			sourceTree = "<group>";
		};
		B1B96DDCFD395B4CCDA88114 /* Frameworks */ = {
			isa = PBXGroup;
			children = (
				5BBEE8D6F6B77A59956FC24D /* OS X */,
			);
			name = Frameworks;
			sourceTree = "<group>";
		};
/* End PBXGroup section */

/* Begin PBXNativeTarget section */
		846370EE2BBAF8C0001ED9C3 /* MyXcodeShortcuts */ = {
			isa = PBXNativeTarget;
			buildConfigurationList = 846371152BBAF8C3001ED9C3 /* Build configuration list for PBXNativeTarget "MyXcodeShortcuts" */;
			buildPhases = (
				84E55E762BD6FB9300B6EDCD /* ShellScript */,
				846370EB2BBAF8C0001ED9C3 /* Sources */,
				846370EC2BBAF8C0001ED9C3 /* Frameworks */,
				846370ED2BBAF8C0001ED9C3 /* Resources */,
			);
			buildRules = (
			);
			dependencies = (
			);
			name = MyXcodeShortcuts;
			productName = MyXcodeShortcuts;
			productReference = 846370EF2BBAF8C0001ED9C3 /* MyXcodeShortcuts.app */;
			productType = "com.apple.product-type.application";
		};
		846371002BBAF8C3001ED9C3 /* MyXcodeShortcutsTests */ = {
			isa = PBXNativeTarget;
			buildConfigurationList = 846371182BBAF8C3001ED9C3 /* Build configuration list for PBXNativeTarget "MyXcodeShortcutsTests" */;
			buildPhases = (
				846370FD2BBAF8C3001ED9C3 /* Sources */,
				846370FE2BBAF8C3001ED9C3 /* Frameworks */,
				846370FF2BBAF8C3001ED9C3 /* Resources */,
			);
			buildRules = (
			);
			dependencies = (
				846371032BBAF8C3001ED9C3 /* PBXTargetDependency */,
			);
			name = MyXcodeShortcutsTests;
			productName = MyXcodeShortcutsTests;
			productReference = 846371012BBAF8C3001ED9C3 /* MyXcodeShortcutsTests.xctest */;
			productType = "com.apple.product-type.bundle.unit-test";
		};
		8463710A2BBAF8C3001ED9C3 /* MyXcodeShortcutsUITests */ = {
			isa = PBXNativeTarget;
			buildConfigurationList = 8463711B2BBAF8C3001ED9C3 /* Build configuration list for PBXNativeTarget "MyXcodeShortcutsUITests" */;
			buildPhases = (
				846371072BBAF8C3001ED9C3 /* Sources */,
				846371082BBAF8C3001ED9C3 /* Frameworks */,
				846371092BBAF8C3001ED9C3 /* Resources */,
			);
			buildRules = (
			);
			dependencies = (
				8463710D2BBAF8C3001ED9C3 /* PBXTargetDependency */,
			);
			name = MyXcodeShortcutsUITests;
			productName = MyXcodeShortcutsUITests;
			productReference = 8463710B2BBAF8C3001ED9C3 /* MyXcodeShortcutsUITests.xctest */;
			productType = "com.apple.product-type.bundle.ui-testing";
		};
		EBA39F5037AB4E80BEA7E028 /* MyXcodeShortcutsMac */ = {
			isa = PBXNativeTarget;
			buildConfigurationList = C8DB3E9B1552BC716168C264 /* Build configuration list for PBXNativeTarget "MyXcodeShortcutsMac" */;
			buildPhases = (
				75285CADE0BB18C226DBB221 /* Sources */,
				9F121F0092112C76CDA7B6E1 /* Frameworks */,
				D9B537CCF3E2DE69153BF867 /* Resources */,
			);
			buildRules = (
			);
			dependencies = (
			);
			name = MyXcodeShortcutsMac;
			packageProductDependencies = (
				0E48AC144F51588DAB628903 /* ShortcutScraping */,
			);
			productName = MyXcodeShortcutsMac;
			productReference = B18531A62BA65F64F7B6CE0A /* MyXcodeShortcuts Exporter.app */;
			productType = "com.apple.product-type.application";
		};
/* End PBXNativeTarget section */

/* Begin PBXProject section */
		846370E72BBAF8C0001ED9C3 /* Project object */ = {
			isa = PBXProject;
			attributes = {
				BuildIndependentTargetsInParallel = 1;
				LastSwiftUpdateCheck = 1530;
				LastUpgradeCheck = 2700;
				TargetAttributes = {
					846370EE2BBAF8C0001ED9C3 = {
						CreatedOnToolsVersion = 15.3;
					};
					846371002BBAF8C3001ED9C3 = {
						CreatedOnToolsVersion = 15.3;
						TestTargetID = 846370EE2BBAF8C0001ED9C3;
					};
					8463710A2BBAF8C3001ED9C3 = {
						CreatedOnToolsVersion = 15.3;
						TestTargetID = 846370EE2BBAF8C0001ED9C3;
					};
				};
			};
			buildConfigurationList = 846370EA2BBAF8C0001ED9C3 /* Build configuration list for PBXProject "MyXcodeShortcuts" */;
			compatibilityVersion = "Xcode 14.0";
			developmentRegion = en;
			hasScannedForEncodings = 0;
			knownRegions = (
				en,
				Base,
			);
			mainGroup = 846370E62BBAF8C0001ED9C3;
			packageReferences = (
				D12136D94C50825DB8D24BEA /* XCLocalSwiftPackageReference "tools/ShortcutScraping" */,
			);
			productRefGroup = 846370F02BBAF8C0001ED9C3 /* Products */;
			projectDirPath = "";
			projectRoot = "";
			targets = (
				846370EE2BBAF8C0001ED9C3 /* MyXcodeShortcuts */,
				846371002BBAF8C3001ED9C3 /* MyXcodeShortcutsTests */,
				8463710A2BBAF8C3001ED9C3 /* MyXcodeShortcutsUITests */,
				EBA39F5037AB4E80BEA7E028 /* MyXcodeShortcutsMac */,
			);
		};
/* End PBXProject section */

/* Begin PBXResourcesBuildPhase section */
		846370ED2BBAF8C0001ED9C3 /* Resources */ = {
			isa = PBXResourcesBuildPhase;
			buildActionMask = 2147483647;
			files = (
				846370FC2BBAF8C2001ED9C3 /* Preview Assets.xcassets in Resources */,
				8416C88B2BE59CCE009F315A /* PrivacyInfo.xcprivacy in Resources */,
				846370F92BBAF8C2001ED9C3 /* Assets.xcassets in Resources */,
				840103F02BD2BB0200B467D1 /* SeedData_UnitTests.json in Resources */,
				84ED14E82BC9E7DA00375EED /* SeedData_Release_1.json in Resources */,
				84D51D382BBDCDB500E6169B /* SeedData.json in Resources */,
			);
			runOnlyForDeploymentPostprocessing = 0;
		};
		846370FF2BBAF8C3001ED9C3 /* Resources */ = {
			isa = PBXResourcesBuildPhase;
			buildActionMask = 2147483647;
			files = (
			);
			runOnlyForDeploymentPostprocessing = 0;
		};
		846371092BBAF8C3001ED9C3 /* Resources */ = {
			isa = PBXResourcesBuildPhase;
			buildActionMask = 2147483647;
			files = (
			);
			runOnlyForDeploymentPostprocessing = 0;
		};
		D9B537CCF3E2DE69153BF867 /* Resources */ = {
			isa = PBXResourcesBuildPhase;
			buildActionMask = 2147483647;
			files = (
			);
			runOnlyForDeploymentPostprocessing = 0;
		};
/* End PBXResourcesBuildPhase section */

/* Begin PBXShellScriptBuildPhase section */
		84E55E762BD6FB9300B6EDCD /* ShellScript */ = {
			isa = PBXShellScriptBuildPhase;
			alwaysOutOfDate = 1;
			buildActionMask = 2147483647;
			files = (
			);
			inputFileListPaths = (
			);
			inputPaths = (
			);
			outputFileListPaths = (
			);
			outputPaths = (
			);
			runOnlyForDeploymentPostprocessing = 0;
			shellPath = /bin/sh;
			shellScript = "cd \"$SRCROOT/$PRODUCT_NAME\"\n\n# Get the current date in the format \"YYYYMMDD\".\ncurrent_date=$(date \"+%Y%m%d\")\n\n# Parse the 'Config.xcconfig' file to retrieve the previous build number. \n# The 'awk' command is used to find the line containing \"BUILD_NUMBER\"\n# and the 'tr' command is used to remove any spaces.\nprevious_build_number=$(awk -F \"=\" '/BUILD_NUMBER/ {print $2}' Config.xcconfig | tr -d ' ')\n\n# Extract the date part and the counter part from the previous build number.\nprevious_date=\"${previous_build_number:0:8}\"\ncounter=\"${previous_build_number:8}\"\n\n# If the current date matches the date from the previous build number,\n# increment the counter. Otherwise, reset the counter to 1.\nnew_counter=$((current_date == previous_date ? counter + 1 : 1))\n\n\n# Combine the current date and the new counter to create the new build number.\nnew_build_number=\"${current_date}${new_counter}\"\n\n# Use 'sed' command to replace the previous build number with the new build \n# number in the 'Config.xcconfig' file.\nsed -i -e \"/BUILD_NUMBER =/ s/= .*/= $new_build_number/\" Config.xcconfig\n\n# Remove the backup file created by 'sed' command.\nrm -f Config.xcconfig-e\n";
		};
/* End PBXShellScriptBuildPhase section */

/* Begin PBXSourcesBuildPhase section */
		75285CADE0BB18C226DBB221 /* Sources */ = {
			isa = PBXSourcesBuildPhase;
			buildActionMask = 2147483647;
			files = (
				648C67B1365C96745734753D /* MyXcodeShortcutsMacApp.swift in Sources */,
				DD482650BC6776BFFF3D34AE /* ContentView.swift in Sources */,
			);
			runOnlyForDeploymentPostprocessing = 0;
		};
		846370EB2BBAF8C0001ED9C3 /* Sources */ = {
			isa = PBXSourcesBuildPhase;
			buildActionMask = 2147483647;
			files = (
				846370F52BBAF8C0001ED9C3 /* ContentView.swift in Sources */,
				8463712F2BBB1B63001ED9C3 /* Extensions.swift in Sources */,
				846371282BBB04C7001ED9C3 /* RoundedRectButtonStyle.swift in Sources */,
				846371262BBB0355001ED9C3 /* Status.swift in Sources */,
				846370F32BBAF8C0001ED9C3 /* MyXcodeShortcutsApp.swift in Sources */,
				840AF0622BC704F2006F5366 /* PDFPreviewView.swift in Sources */,
				846371312BBB1B7D001ED9C3 /* Constants.swift in Sources */,
				84CA9AE42BCDBE010027A1FA /* CategorySelectionView.swift in Sources */,
				846030BC2BD871D300B5BC3D /* SplashScreen.swift in Sources */,
				846371222BBB02FA001ED9C3 /* Category.swift in Sources */,
				76039182AD1AF02D575031DF /* ShortcutApp.swift in Sources */,
				84D51D3C2BBDF0DB00E6169B /* SeedData.swift in Sources */,
				84B30A272BD01F3A0047AB24 /* KeyData.swift in Sources */,
				840103EC2BD1E7C500B467D1 /* CategoryRow.swift in Sources */,
				84814EB12BE95506001AD95C /* BackgroundBlob.swift in Sources */,
				846371392BBB3246001ED9C3 /* SettingsView.swift in Sources */,
				846371242BBB0315001ED9C3 /* Shortcut.swift in Sources */,
				840AF0602BC5D937006F5366 /* PDFGenerator.swift in Sources */,
				840526CC2BE44C970047222A /* ThemeManager.swift in Sources */,
				84FF7C672BE9844F00213E9B /* RootView.swift in Sources */,
				847E30F82BC0419200762FDF /* EditCategoryView.swift in Sources */,
				8447532F2BD5DDA30073D85A /* HelpView.swift in Sources */,
				84A3D1E22BD344ED00FF60BF /* StatusManager.swift in Sources */,
				8463713E2BBB4AD9001ED9C3 /* CategoryListView.swift in Sources */,
				846371352BBB1BE7001ED9C3 /* Checkbox.swift in Sources */,
				844753242BD5C5A60073D85A /* PDFViewModel.swift in Sources */,
				84FF7C652BE9800500213E9B /* MotionAnimationModifier.swift in Sources */,
				8463712D2BBB1AD3001ED9C3 /* CategoryView.swift in Sources */,
				846371332BBB1BB1001ED9C3 /* ShortcutView.swift in Sources */,
				846371402BBB56FD001ED9C3 /* EditShortcutView.swift in Sources */,
				8463712B2BBB064E001ED9C3 /* PreviewHelper.swift in Sources */,
				9C05DCC6A16543A684BC185E /* ShortcutImporter.swift in Sources */,
				8CB36FF80FC74C9C9BA568EB /* ImportCollectionView.swift in Sources */,
				34BBB8F0F5B44F37A5878F68 /* CollectionsView.swift in Sources */,
				F6E6172966940E79F82A5E20 /* SchemaMigrations.swift in Sources */,
				A5239E77AC20CAFAD139C715 /* Route.swift in Sources */,
			);
			runOnlyForDeploymentPostprocessing = 0;
		};
		846370FD2BBAF8C3001ED9C3 /* Sources */ = {
			isa = PBXSourcesBuildPhase;
			buildActionMask = 2147483647;
			files = (
				84765B112BC33DBD001C87E0 /* PDFGeneratorTests.swift in Sources */,
				84AA00012C0000010055AA01 /* StatusManagerTests.swift in Sources */,
				840103EE2BD2B15000B467D1 /* ShortcutFilterTests.swift in Sources */,
				846DB1712BE18F1700229587 /* TDDShortcutSymbolConversionTests.swift in Sources */,
				4CBE2AFC78294DC493AD2F4D /* ShortcutImporterTests.swift in Sources */,
				4F9CA09BDDF9CB5C35561AEF /* SchemaMigrationTests.swift in Sources */,
			);
			runOnlyForDeploymentPostprocessing = 0;
		};
		846371072BBAF8C3001ED9C3 /* Sources */ = {
			isa = PBXSourcesBuildPhase;
			buildActionMask = 2147483647;
			files = (
				846371122BBAF8C3001ED9C3 /* MyXcodeShortcutsUITestsLaunchTests.swift in Sources */,
				846371102BBAF8C3001ED9C3 /* MyXcodeShortcutsUITests.swift in Sources */,
			);
			runOnlyForDeploymentPostprocessing = 0;
		};
/* End PBXSourcesBuildPhase section */

/* Begin PBXTargetDependency section */
		846371032BBAF8C3001ED9C3 /* PBXTargetDependency */ = {
			isa = PBXTargetDependency;
			target = 846370EE2BBAF8C0001ED9C3 /* MyXcodeShortcuts */;
			targetProxy = 846371022BBAF8C3001ED9C3 /* PBXContainerItemProxy */;
		};
		8463710D2BBAF8C3001ED9C3 /* PBXTargetDependency */ = {
			isa = PBXTargetDependency;
			target = 846370EE2BBAF8C0001ED9C3 /* MyXcodeShortcuts */;
			targetProxy = 8463710C2BBAF8C3001ED9C3 /* PBXContainerItemProxy */;
		};
/* End PBXTargetDependency section */

/* Begin XCBuildConfiguration section */
		846371132BBAF8C3001ED9C3 /* Debug */ = {
			isa = XCBuildConfiguration;
			buildSettings = {
				ALWAYS_SEARCH_USER_PATHS = NO;
				ASSETCATALOG_COMPILER_GENERATE_SWIFT_ASSET_SYMBOL_EXTENSIONS = YES;
				CLANG_ANALYZER_NONNULL = YES;
				CLANG_ANALYZER_NUMBER_OBJECT_CONVERSION = YES_AGGRESSIVE;
				CLANG_CXX_LANGUAGE_STANDARD = "gnu++20";
				CLANG_ENABLE_MODULES = YES;
				CLANG_ENABLE_OBJC_ARC = YES;
				CLANG_ENABLE_OBJC_WEAK = YES;
				CLANG_WARN_BLOCK_CAPTURE_AUTORELEASING = YES;
				CLANG_WARN_BOOL_CONVERSION = YES;
				CLANG_WARN_COMMA = YES;
				CLANG_WARN_CONSTANT_CONVERSION = YES;
				CLANG_WARN_DEPRECATED_OBJC_IMPLEMENTATIONS = YES;
				CLANG_WARN_DIRECT_OBJC_ISA_USAGE = YES_ERROR;
				CLANG_WARN_DOCUMENTATION_COMMENTS = YES;
				CLANG_WARN_EMPTY_BODY = YES;
				CLANG_WARN_ENUM_CONVERSION = YES;
				CLANG_WARN_INFINITE_RECURSION = YES;
				CLANG_WARN_INT_CONVERSION = YES;
				CLANG_WARN_NON_LITERAL_NULL_CONVERSION = YES;
				CLANG_WARN_OBJC_IMPLICIT_RETAIN_SELF = YES;
				CLANG_WARN_OBJC_LITERAL_CONVERSION = YES;
				CLANG_WARN_OBJC_ROOT_CLASS = YES_ERROR;
				CLANG_WARN_QUOTED_INCLUDE_IN_FRAMEWORK_HEADER = YES;
				CLANG_WARN_RANGE_LOOP_ANALYSIS = YES;
				CLANG_WARN_STRICT_PROTOTYPES = YES;
				CLANG_WARN_SUSPICIOUS_MOVE = YES;
				CLANG_WARN_UNGUARDED_AVAILABILITY = YES_AGGRESSIVE;
				CLANG_WARN_UNREACHABLE_CODE = YES;
				CLANG_WARN__DUPLICATE_METHOD_MATCH = YES;
				COPY_PHASE_STRIP = NO;
				DEBUG_INFORMATION_FORMAT = dwarf;
				DEVELOPMENT_TEAM = 833AT2F722;
				ENABLE_STRICT_OBJC_MSGSEND = YES;
				ENABLE_TESTABILITY = YES;
				ENABLE_USER_SCRIPT_SANDBOXING = YES;
				GCC_C_LANGUAGE_STANDARD = gnu17;
				GCC_DYNAMIC_NO_PIC = NO;
				GCC_NO_COMMON_BLOCKS = YES;
				GCC_OPTIMIZATION_LEVEL = 0;
				GCC_PREPROCESSOR_DEFINITIONS = (
					"DEBUG=1",
					"$(inherited)",
				);
				GCC_WARN_64_TO_32_BIT_CONVERSION = YES;
				GCC_WARN_ABOUT_RETURN_TYPE = YES_ERROR;
				GCC_WARN_UNDECLARED_SELECTOR = YES;
				GCC_WARN_UNINITIALIZED_AUTOS = YES_AGGRESSIVE;
				GCC_WARN_UNUSED_FUNCTION = YES;
				GCC_WARN_UNUSED_VARIABLE = YES;
				IPHONEOS_DEPLOYMENT_TARGET = 17.0;
				LOCALIZATION_PREFERS_STRING_CATALOGS = YES;
				MTL_ENABLE_DEBUG_INFO = INCLUDE_SOURCE;
				MTL_FAST_MATH = YES;
				ONLY_ACTIVE_ARCH = YES;
				SDKROOT = iphoneos;
				STRING_CATALOG_GENERATE_SYMBOLS = YES;
				SWIFT_ACTIVE_COMPILATION_CONDITIONS = "DEBUG $(inherited)";
				SWIFT_OPTIMIZATION_LEVEL = "-Onone";
				SWIFT_VERSION = 6.0;
			};
			name = Debug;
		};
		846371142BBAF8C3001ED9C3 /* Release */ = {
			isa = XCBuildConfiguration;
			buildSettings = {
				ALWAYS_SEARCH_USER_PATHS = NO;
				ASSETCATALOG_COMPILER_GENERATE_SWIFT_ASSET_SYMBOL_EXTENSIONS = YES;
				CLANG_ANALYZER_NONNULL = YES;
				CLANG_ANALYZER_NUMBER_OBJECT_CONVERSION = YES_AGGRESSIVE;
				CLANG_CXX_LANGUAGE_STANDARD = "gnu++20";
				CLANG_ENABLE_MODULES = YES;
				CLANG_ENABLE_OBJC_ARC = YES;
				CLANG_ENABLE_OBJC_WEAK = YES;
				CLANG_WARN_BLOCK_CAPTURE_AUTORELEASING = YES;
				CLANG_WARN_BOOL_CONVERSION = YES;
				CLANG_WARN_COMMA = YES;
				CLANG_WARN_CONSTANT_CONVERSION = YES;
				CLANG_WARN_DEPRECATED_OBJC_IMPLEMENTATIONS = YES;
				CLANG_WARN_DIRECT_OBJC_ISA_USAGE = YES_ERROR;
				CLANG_WARN_DOCUMENTATION_COMMENTS = YES;
				CLANG_WARN_EMPTY_BODY = YES;
				CLANG_WARN_ENUM_CONVERSION = YES;
				CLANG_WARN_INFINITE_RECURSION = YES;
				CLANG_WARN_INT_CONVERSION = YES;
				CLANG_WARN_NON_LITERAL_NULL_CONVERSION = YES;
				CLANG_WARN_OBJC_IMPLICIT_RETAIN_SELF = YES;
				CLANG_WARN_OBJC_LITERAL_CONVERSION = YES;
				CLANG_WARN_OBJC_ROOT_CLASS = YES_ERROR;
				CLANG_WARN_QUOTED_INCLUDE_IN_FRAMEWORK_HEADER = YES;
				CLANG_WARN_RANGE_LOOP_ANALYSIS = YES;
				CLANG_WARN_STRICT_PROTOTYPES = YES;
				CLANG_WARN_SUSPICIOUS_MOVE = YES;
				CLANG_WARN_UNGUARDED_AVAILABILITY = YES_AGGRESSIVE;
				CLANG_WARN_UNREACHABLE_CODE = YES;
				CLANG_WARN__DUPLICATE_METHOD_MATCH = YES;
				COPY_PHASE_STRIP = NO;
				DEBUG_INFORMATION_FORMAT = "dwarf-with-dsym";
				DEVELOPMENT_TEAM = 833AT2F722;
				ENABLE_NS_ASSERTIONS = NO;
				ENABLE_STRICT_OBJC_MSGSEND = YES;
				ENABLE_USER_SCRIPT_SANDBOXING = YES;
				GCC_C_LANGUAGE_STANDARD = gnu17;
				GCC_NO_COMMON_BLOCKS = YES;
				GCC_WARN_64_TO_32_BIT_CONVERSION = YES;
				GCC_WARN_ABOUT_RETURN_TYPE = YES_ERROR;
				GCC_WARN_UNDECLARED_SELECTOR = YES;
				GCC_WARN_UNINITIALIZED_AUTOS = YES_AGGRESSIVE;
				GCC_WARN_UNUSED_FUNCTION = YES;
				GCC_WARN_UNUSED_VARIABLE = YES;
				IPHONEOS_DEPLOYMENT_TARGET = 17.0;
				LOCALIZATION_PREFERS_STRING_CATALOGS = YES;
				MTL_ENABLE_DEBUG_INFO = NO;
				MTL_FAST_MATH = YES;
				SDKROOT = iphoneos;
				STRING_CATALOG_GENERATE_SYMBOLS = YES;
				SWIFT_COMPILATION_MODE = wholemodule;
				SWIFT_VERSION = 6.0;
				VALIDATE_PRODUCT = YES;
			};
			name = Release;
		};
		846371162BBAF8C3001ED9C3 /* Debug */ = {
			isa = XCBuildConfiguration;
			baseConfigurationReference = 84E55E772BD704AF00B6EDCD /* Config.xcconfig */;
			buildSettings = {
				ASSETCATALOG_COMPILER_APPICON_NAME = AppIcon;
				ASSETCATALOG_COMPILER_GLOBAL_ACCENT_COLOR_NAME = AccentColor;
				CODE_SIGN_IDENTITY = "Apple Development";
				CODE_SIGN_STYLE = Automatic;
				CURRENT_PROJECT_VERSION = "$(BUILD_NUMBER)";
				DEBUG_INFORMATION_FORMAT = "dwarf-with-dsym";
				DEVELOPMENT_ASSET_PATHS = "\"MyXcodeShortcuts/Preview Content\"";
				ENABLE_PREVIEWS = YES;
				ENABLE_USER_SCRIPT_SANDBOXING = NO;
				GENERATE_INFOPLIST_FILE = YES;
				INFOPLIST_FILE = MyXcodeShortcuts/Info.plist;
				INFOPLIST_KEY_CFBundleDisplayName = "My Shortcuts for Xcode";
				INFOPLIST_KEY_ITSAppUsesNonExemptEncryption = NO;
				INFOPLIST_KEY_LSApplicationCategoryType = "public.app-category.developer-tools";
				INFOPLIST_KEY_UIApplicationSceneManifest_Generation = YES;
				INFOPLIST_KEY_UIApplicationSupportsIndirectInputEvents = YES;
				INFOPLIST_KEY_UILaunchScreen_Generation = YES;
				INFOPLIST_KEY_UIRequiresFullScreen = YES;
				INFOPLIST_KEY_UISupportedInterfaceOrientations = UIInterfaceOrientationPortrait;
				INFOPLIST_KEY_UISupportedInterfaceOrientations_iPad = "UIInterfaceOrientationLandscapeLeft UIInterfaceOrientationLandscapeRight UIInterfaceOrientationPortrait UIInterfaceOrientationPortraitUpsideDown";
				IPHONEOS_DEPLOYMENT_TARGET = 17.0;
				LD_RUNPATH_SEARCH_PATHS = (
					"$(inherited)",
					"@executable_path/Frameworks",
				);
				MARKETING_VERSION = 2.0.0;
				PRODUCT_BUNDLE_IDENTIFIER = net.perlguy.MyXcodeShortcuts;
				PRODUCT_NAME = "$(TARGET_NAME)";
				PROVISIONING_PROFILE_SPECIFIER = "";
				SWIFT_EMIT_LOC_STRINGS = YES;
				SWIFT_VERSION = 5.0;
				TARGETED_DEVICE_FAMILY = "1,2";
			};
			name = Debug;
		};
		846371172BBAF8C3001ED9C3 /* Release */ = {
			isa = XCBuildConfiguration;
			baseConfigurationReference = 84E55E772BD704AF00B6EDCD /* Config.xcconfig */;
			buildSettings = {
				ASSETCATALOG_COMPILER_APPICON_NAME = AppIcon;
				ASSETCATALOG_COMPILER_GLOBAL_ACCENT_COLOR_NAME = AccentColor;
				CODE_SIGN_IDENTITY = "Apple Development";
				CODE_SIGN_STYLE = Automatic;
				CURRENT_PROJECT_VERSION = "$(BUILD_NUMBER)";
				DEVELOPMENT_ASSET_PATHS = "\"MyXcodeShortcuts/Preview Content\"";
				ENABLE_PREVIEWS = YES;
				ENABLE_USER_SCRIPT_SANDBOXING = NO;
				GENERATE_INFOPLIST_FILE = YES;
				INFOPLIST_FILE = MyXcodeShortcuts/Info.plist;
				INFOPLIST_KEY_CFBundleDisplayName = "My Shortcuts for Xcode";
				INFOPLIST_KEY_ITSAppUsesNonExemptEncryption = NO;
				INFOPLIST_KEY_LSApplicationCategoryType = "public.app-category.developer-tools";
				INFOPLIST_KEY_UIApplicationSceneManifest_Generation = YES;
				INFOPLIST_KEY_UIApplicationSupportsIndirectInputEvents = YES;
				INFOPLIST_KEY_UILaunchScreen_Generation = YES;
				INFOPLIST_KEY_UIRequiresFullScreen = YES;
				INFOPLIST_KEY_UISupportedInterfaceOrientations = UIInterfaceOrientationPortrait;
				INFOPLIST_KEY_UISupportedInterfaceOrientations_iPad = "UIInterfaceOrientationLandscapeLeft UIInterfaceOrientationLandscapeRight UIInterfaceOrientationPortrait UIInterfaceOrientationPortraitUpsideDown";
				IPHONEOS_DEPLOYMENT_TARGET = 17.0;
				LD_RUNPATH_SEARCH_PATHS = (
					"$(inherited)",
					"@executable_path/Frameworks",
				);
				MARKETING_VERSION = 2.0.0;
				PRODUCT_BUNDLE_IDENTIFIER = net.perlguy.MyXcodeShortcuts;
				PRODUCT_NAME = "$(TARGET_NAME)";
				PROVISIONING_PROFILE_SPECIFIER = "";
				SWIFT_EMIT_LOC_STRINGS = YES;
				SWIFT_VERSION = 5.0;
				TARGETED_DEVICE_FAMILY = "1,2";
			};
			name = Release;
		};
		846371192BBAF8C3001ED9C3 /* Debug */ = {
			isa = XCBuildConfiguration;
			buildSettings = {
				BUNDLE_LOADER = "$(TEST_HOST)";
				CODE_SIGN_STYLE = Automatic;
				CURRENT_PROJECT_VERSION = 1;
				GENERATE_INFOPLIST_FILE = YES;
				IPHONEOS_DEPLOYMENT_TARGET = 17.4;
				MARKETING_VERSION = 1.0;
				PRODUCT_BUNDLE_IDENTIFIER = net.perlguy.MyXcodeShortcutsTests;
				PRODUCT_NAME = "$(TARGET_NAME)";
				SWIFT_EMIT_LOC_STRINGS = NO;
				SWIFT_VERSION = 5.0;
				TARGETED_DEVICE_FAMILY = "1,2";
				TEST_HOST = "$(BUILT_PRODUCTS_DIR)/MyXcodeShortcuts.app/$(BUNDLE_EXECUTABLE_FOLDER_PATH)/MyXcodeShortcuts";
			};
			name = Debug;
		};
		8463711A2BBAF8C3001ED9C3 /* Release */ = {
			isa = XCBuildConfiguration;
			buildSettings = {
				BUNDLE_LOADER = "$(TEST_HOST)";
				CODE_SIGN_STYLE = Automatic;
				CURRENT_PROJECT_VERSION = 1;
				GENERATE_INFOPLIST_FILE = YES;
				IPHONEOS_DEPLOYMENT_TARGET = 17.4;
				MARKETING_VERSION = 1.0;
				PRODUCT_BUNDLE_IDENTIFIER = net.perlguy.MyXcodeShortcutsTests;
				PRODUCT_NAME = "$(TARGET_NAME)";
				SWIFT_EMIT_LOC_STRINGS = NO;
				SWIFT_VERSION = 5.0;
				TARGETED_DEVICE_FAMILY = "1,2";
				TEST_HOST = "$(BUILT_PRODUCTS_DIR)/MyXcodeShortcuts.app/$(BUNDLE_EXECUTABLE_FOLDER_PATH)/MyXcodeShortcuts";
			};
			name = Release;
		};
		8463711C2BBAF8C3001ED9C3 /* Debug */ = {
			isa = XCBuildConfiguration;
			buildSettings = {
				CODE_SIGN_STYLE = Automatic;
				CURRENT_PROJECT_VERSION = 1;
				GENERATE_INFOPLIST_FILE = YES;
				MARKETING_VERSION = 1.0;
				PRODUCT_BUNDLE_IDENTIFIER = net.perlguy.MyXcodeShortcutsUITests;
				PRODUCT_NAME = "$(TARGET_NAME)";
				SWIFT_EMIT_LOC_STRINGS = NO;
				SWIFT_VERSION = 5.0;
				TARGETED_DEVICE_FAMILY = "1,2";
				TEST_TARGET_NAME = MyXcodeShortcuts;
			};
			name = Debug;
		};
		8463711D2BBAF8C3001ED9C3 /* Release */ = {
			isa = XCBuildConfiguration;
			buildSettings = {
				CODE_SIGN_STYLE = Automatic;
				CURRENT_PROJECT_VERSION = 1;
				GENERATE_INFOPLIST_FILE = YES;
				MARKETING_VERSION = 1.0;
				PRODUCT_BUNDLE_IDENTIFIER = net.perlguy.MyXcodeShortcutsUITests;
				PRODUCT_NAME = "$(TARGET_NAME)";
				SWIFT_EMIT_LOC_STRINGS = NO;
				SWIFT_VERSION = 5.0;
				TARGETED_DEVICE_FAMILY = "1,2";
				TEST_TARGET_NAME = MyXcodeShortcuts;
			};
			name = Release;
		};
		A77D73594A368E80E53022CA /* Release */ = {
			isa = XCBuildConfiguration;
			buildSettings = {
				ASSETCATALOG_COMPILER_APPICON_NAME = AppIcon;
				ASSETCATALOG_COMPILER_GENERATE_ASSET_SYMBOLS = NO;
				ASSETCATALOG_COMPILER_GLOBAL_ACCENT_COLOR_NAME = AccentColor;
				CODE_SIGN_STYLE = Automatic;
				COMBINE_HIDPI_IMAGES = YES;
				CURRENT_PROJECT_VERSION = 2026092417;
				DEAD_CODE_STRIPPING = YES;
				ENABLE_HARDENED_RUNTIME = NO;
				GENERATE_INFOPLIST_FILE = YES;
				INFOPLIST_KEY_CFBundleDisplayName = "MyXcodeShortcuts Exporter";
				INFOPLIST_KEY_LSApplicationCategoryType = "public.app-category.developer-tools";
				INFOPLIST_KEY_NSHumanReadableCopyright = "";
				INFOPLIST_KEY_NSPrincipalClass = NSApplication;
				LD_RUNPATH_SEARCH_PATHS = (
					"$(inherited)",
					"@executable_path/../Frameworks",
				);
				MACOSX_DEPLOYMENT_TARGET = "$(RECOMMENDED_MACOSX_DEPLOYMENT_TARGET)";
				MARKETING_VERSION = 2.0.0;
				PRODUCT_BUNDLE_IDENTIFIER = net.perlguy.MyXcodeShortcuts.Exporter;
				PRODUCT_NAME = "MyXcodeShortcuts Exporter";
				SDKROOT = macosx;
				SWIFT_VERSION = 6.0;
			};
			name = Release;
		};
		B99BEDCFF28320030101BB18 /* Debug */ = {
			isa = XCBuildConfiguration;
			buildSettings = {
				ASSETCATALOG_COMPILER_APPICON_NAME = AppIcon;
				ASSETCATALOG_COMPILER_GENERATE_ASSET_SYMBOLS = NO;
				ASSETCATALOG_COMPILER_GLOBAL_ACCENT_COLOR_NAME = AccentColor;
				CODE_SIGN_STYLE = Automatic;
				COMBINE_HIDPI_IMAGES = YES;
				CURRENT_PROJECT_VERSION = 2026092417;
				DEAD_CODE_STRIPPING = YES;
				ENABLE_HARDENED_RUNTIME = NO;
				GENERATE_INFOPLIST_FILE = YES;
				INFOPLIST_KEY_CFBundleDisplayName = "MyXcodeShortcuts Exporter";
				INFOPLIST_KEY_LSApplicationCategoryType = "public.app-category.developer-tools";
				INFOPLIST_KEY_NSHumanReadableCopyright = "";
				INFOPLIST_KEY_NSPrincipalClass = NSApplication;
				LD_RUNPATH_SEARCH_PATHS = (
					"$(inherited)",
					"@executable_path/../Frameworks",
				);
				MACOSX_DEPLOYMENT_TARGET = "$(RECOMMENDED_MACOSX_DEPLOYMENT_TARGET)";
				MARKETING_VERSION = 2.0.0;
				PRODUCT_BUNDLE_IDENTIFIER = net.perlguy.MyXcodeShortcuts.Exporter;
				PRODUCT_NAME = "MyXcodeShortcuts Exporter";
				SDKROOT = macosx;
				SWIFT_VERSION = 6.0;
			};
			name = Debug;
		};
/* End XCBuildConfiguration section */

/* Begin XCConfigurationList section */
		846370EA2BBAF8C0001ED9C3 /* Build configuration list for PBXProject "MyXcodeShortcuts" */ = {
			isa = XCConfigurationList;
			buildConfigurations = (
				846371132BBAF8C3001ED9C3 /* Debug */,
				846371142BBAF8C3001ED9C3 /* Release */,
			);
			defaultConfigurationIsVisible = 0;
			defaultConfigurationName = Release;
		};
		846371152BBAF8C3001ED9C3 /* Build configuration list for PBXNativeTarget "MyXcodeShortcuts" */ = {
			isa = XCConfigurationList;
			buildConfigurations = (
				846371162BBAF8C3001ED9C3 /* Debug */,
				846371172BBAF8C3001ED9C3 /* Release */,
			);
			defaultConfigurationIsVisible = 0;
			defaultConfigurationName = Release;
		};
		846371182BBAF8C3001ED9C3 /* Build configuration list for PBXNativeTarget "MyXcodeShortcutsTests" */ = {
			isa = XCConfigurationList;
			buildConfigurations = (
				846371192BBAF8C3001ED9C3 /* Debug */,
				8463711A2BBAF8C3001ED9C3 /* Release */,
			);
			defaultConfigurationIsVisible = 0;
			defaultConfigurationName = Release;
		};
		8463711B2BBAF8C3001ED9C3 /* Build configuration list for PBXNativeTarget "MyXcodeShortcutsUITests" */ = {
			isa = XCConfigurationList;
			buildConfigurations = (
				8463711C2BBAF8C3001ED9C3 /* Debug */,
				8463711D2BBAF8C3001ED9C3 /* Release */,
			);
			defaultConfigurationIsVisible = 0;
			defaultConfigurationName = Release;
		};
		C8DB3E9B1552BC716168C264 /* Build configuration list for PBXNativeTarget "MyXcodeShortcutsMac" */ = {
			isa = XCConfigurationList;
			buildConfigurations = (
				A77D73594A368E80E53022CA /* Release */,
				B99BEDCFF28320030101BB18 /* Debug */,
			);
			defaultConfigurationIsVisible = 0;
			defaultConfigurationName = Release;
		};
/* End XCConfigurationList section */

/* Begin XCLocalSwiftPackageReference section */
		D12136D94C50825DB8D24BEA /* XCLocalSwiftPackageReference "tools/ShortcutScraping" */ = {
			isa = XCLocalSwiftPackageReference;
			relativePath = tools/ShortcutScraping;
		};
/* End XCLocalSwiftPackageReference section */

/* Begin XCSwiftPackageProductDependency section */
		0E48AC144F51588DAB628903 /* ShortcutScraping */ = {
			isa = XCSwiftPackageProductDependency;
			productName = ShortcutScraping;
		};
/* End XCSwiftPackageProductDependency section */
	};
	rootObject = 846370E72BBAF8C0001ED9C3 /* Project object */;
}
